
Microsoft Visual Studio Solution File, Format Version 12.00
# Visual Studio Version 16
VisualStudioVersion = 16.0.30002.166
MinimumVisualStudioVersion = 10.0.40219.1
Project("{FAE04EC0-301F-11D3-BF4B-00C04F79EFBC}") = "pirmasV", "pirmasV\pirmasV.csproj", "{CEB69475-5563-4D0E-BEE5-ABF882AD617B}"
EndProject
Project("{FAE04EC0-301F-11D3-BF4B-00C04F79EFBC}") = "antrasV", "antrasV\antrasV.csproj", "{1EEA4AD2-2CD2-4A17-B3C7-8A4C5164FDFC}"
EndProject
Project("{FAE04EC0-301F-11D3-BF4B-00C04F79EFBC}") = "treciasV", "treciasV\treciasV.csproj", "{626BFB18-09BB-4916-91B4-C08723630501}"
EndProject
Project("{FAE04EC0-301F-11D3-BF4B-00C04F79EFBC}") = "ketvirtasV", "ketvirtasV\ketvirtasV.csproj", "{C85305B1-5973-4D46-86FA-AE6549E7A444}"
EndProject
Global
	GlobalSection(SolutionConfigurationPlatforms) = preSolution
		Debug|Any CPU = Debug|Any CPU
		Release|Any CPU = Release|Any CPU
	EndGlobalSection
	GlobalSection(ProjectConfigurationPlatforms) = postSolution
		{CEB69475-5563-4D0E-BEE5-ABF882AD617B}.Debug|Any CPU.ActiveCfg = Debug|Any CPU
		{CEB69475-5563-4D0E-BEE5-ABF882AD617B}.Debug|Any CPU.Build.0 = Debug|Any CPU
		{CEB69475-5563-4D0E-BEE5-ABF882AD617B}.Release|Any CPU.ActiveCfg = Release|Any CPU
		{CEB69475-5563-4D0E-BEE5-ABF882AD617B}.Release|Any CPU.Build.0 = Release|Any CPU
		{1EEA4AD2-2CD2-4A17-B3C7-8A4C5164FDFC}.Debug|Any CPU.ActiveCfg = Debug|Any CPU
		{1EEA4AD2-2CD2-4A17-B3C7-8A4C5164FDFC}.Debug|Any CPU.Build.0 = Debug|Any CPU
		{1EEA4AD2-2CD2-4A17-B3C7-8A4C5164FDFC}.Release|Any CPU.ActiveCfg = Release|Any CPU
		{1EEA4AD2-2CD2-4A17-B3C7-8A4C5164FDFC}.Release|Any CPU.Build.0 = Release|Any CPU
		{626BFB18-09BB-4916-91B4-C08723630501}.Debug|Any CPU.ActiveCfg = Debug|Any CPU
		{626BFB18-09BB-4916-91B4-C08723630501}.Debug|Any CPU.Build.0 = Debug|Any CPU
		{626BFB18-09BB-4916-91B4-C08723630501}.Release|Any CPU.ActiveCfg = Release|Any CPU
		{626BFB18-09BB-4916-91B4-C08723630501}.Release|Any CPU.Build.0 = Release|Any CPU
		{C85305B1-5973-4D46-86FA-AE6549E7A444}.Debug|Any CPU.ActiveCfg = Debug|Any CPU
		{C85305B1-5973-4D46-86FA-AE6549E7A444}.Debug|Any CPU.Build.0 = Debug|Any CPU
		{C85305B1-5973-4D46-86FA-AE6549E7A444}.Release|Any CPU.ActiveCfg = Release|Any CPU
		{C85305B1-5973-4D46-86FA-AE6549E7A444}.Release|Any CPU.Build.0 = Release|Any CPU
	EndGlobalSection
	GlobalSection(SolutionProperties) = preSolution
		HideSolutionNode = FALSE
	EndGlobalSection
	GlobalSection(ExtensibilityGlobals) = postSolution
		SolutionGuid = {0E06916B-7BED-4501-8584-2AFA4ABD2DAA}
	EndGlobalSection
EndGlobal
