
Microsoft Visual Studio Solution File, Format Version 12.00
# Visual Studio Version 16
VisualStudioVersion = 16.0.30002.166
MinimumVisualStudioVersion = 10.0.40219.1
Project("{FAE04EC0-301F-11D3-BF4B-00C04F79EFBC}") = "pirmas", "pirmas\pirmas.csproj", "{FA1ED121-1B40-4BC5-A56E-F765B854A141}"
EndProject
Project("{FAE04EC0-301F-11D3-BF4B-00C04F79EFBC}") = "antrasV", "antrasV\antrasV.csproj", "{AA7697EA-274E-4E8E-9EC8-19153411AD45}"
EndProject
Project("{FAE04EC0-301F-11D3-BF4B-00C04F79EFBC}") = "treciasV", "treciasV\treciasV.csproj", "{9916E554-6120-4C03-9657-6C1A64B59713}"
EndProject
Global
	GlobalSection(SolutionConfigurationPlatforms) = preSolution
		Debug|Any CPU = Debug|Any CPU
		Release|Any CPU = Release|Any CPU
	EndGlobalSection
	GlobalSection(ProjectConfigurationPlatforms) = postSolution
		{FA1ED121-1B40-4BC5-A56E-F765B854A141}.Debug|Any CPU.ActiveCfg = Debug|Any CPU
		{FA1ED121-1B40-4BC5-A56E-F765B854A141}.Debug|Any CPU.Build.0 = Debug|Any CPU
		{FA1ED121-1B40-4BC5-A56E-F765B854A141}.Release|Any CPU.ActiveCfg = Release|Any CPU
		{FA1ED121-1B40-4BC5-A56E-F765B854A141}.Release|Any CPU.Build.0 = Release|Any CPU
		{AA7697EA-274E-4E8E-9EC8-19153411AD45}.Debug|Any CPU.ActiveCfg = Debug|Any CPU
		{AA7697EA-274E-4E8E-9EC8-19153411AD45}.Debug|Any CPU.Build.0 = Debug|Any CPU
		{AA7697EA-274E-4E8E-9EC8-19153411AD45}.Release|Any CPU.ActiveCfg = Release|Any CPU
		{AA7697EA-274E-4E8E-9EC8-19153411AD45}.Release|Any CPU.Build.0 = Release|Any CPU
		{9916E554-6120-4C03-9657-6C1A64B59713}.Debug|Any CPU.ActiveCfg = Debug|Any CPU
		{9916E554-6120-4C03-9657-6C1A64B59713}.Debug|Any CPU.Build.0 = Debug|Any CPU
		{9916E554-6120-4C03-9657-6C1A64B59713}.Release|Any CPU.ActiveCfg = Release|Any CPU
		{9916E554-6120-4C03-9657-6C1A64B59713}.Release|Any CPU.Build.0 = Release|Any CPU
	EndGlobalSection
	GlobalSection(SolutionProperties) = preSolution
		HideSolutionNode = FALSE
	EndGlobalSection
	GlobalSection(ExtensibilityGlobals) = postSolution
		SolutionGuid = {5C9E4365-326F-4177-AB32-446F0A0DD6A3}
	EndGlobalSection
EndGlobal
