
Microsoft Visual Studio Solution File, Format Version 12.00
# Visual Studio Version 16
VisualStudioVersion = 16.0.30002.166
MinimumVisualStudioVersion = 10.0.40219.1
Project("{FAE04EC0-301F-11D3-BF4B-00C04F79EFBC}") = "zviriuskos", "zviriuskos\zviriuskos.csproj", "{62533240-04F3-4958-BC61-C55C017B5E3B}"
EndProject
Global
	GlobalSection(SolutionConfigurationPlatforms) = preSolution
		Debug|Any CPU = Debug|Any CPU
		Release|Any CPU = Release|Any CPU
	EndGlobalSection
	GlobalSection(ProjectConfigurationPlatforms) = postSolution
		{62533240-04F3-4958-BC61-C55C017B5E3B}.Debug|Any CPU.ActiveCfg = Debug|Any CPU
		{62533240-04F3-4958-BC61-C55C017B5E3B}.Debug|Any CPU.Build.0 = Debug|Any CPU
		{62533240-04F3-4958-BC61-C55C017B5E3B}.Release|Any CPU.ActiveCfg = Release|Any CPU
		{62533240-04F3-4958-BC61-C55C017B5E3B}.Release|Any CPU.Build.0 = Release|Any CPU
	EndGlobalSection
	GlobalSection(SolutionProperties) = preSolution
		HideSolutionNode = FALSE
	EndGlobalSection
	GlobalSection(ExtensibilityGlobals) = postSolution
		SolutionGuid = {D0094707-FCBD-4F54-8B3C-EB5EAD7419D8}
	EndGlobalSection
EndGlobal
