
Microsoft Visual Studio Solution File, Format Version 12.00
# Visual Studio Version 16
VisualStudioVersion = 16.0.30002.166
MinimumVisualStudioVersion = 10.0.40219.1
Project("{FAE04EC0-301F-11D3-BF4B-00C04F79EFBC}") = "pirmasV", "pirmasV\pirmasV.csproj", "{E0165A6C-2127-4025-8F36-9A7CBAE8459B}"
EndProject
Project("{FAE04EC0-301F-11D3-BF4B-00C04F79EFBC}") = "antrasV", "antrasV\antrasV.csproj", "{7BAD5BC3-50EA-45B3-8E34-6ADDDCCDF886}"
EndProject
Project("{FAE04EC0-301F-11D3-BF4B-00C04F79EFBC}") = "treciasV", "treciasV\treciasV.csproj", "{EA929AA3-4A0D-45D9-B4D8-E426B88AC4FB}"
EndProject
Project("{FAE04EC0-301F-11D3-BF4B-00C04F79EFBC}") = "ketvirtasV", "ketvirtasV\ketvirtasV.csproj", "{26A76FC5-0DD1-4DC5-AB3D-CF6DB776E2E8}"
EndProject
Project("{FAE04EC0-301F-11D3-BF4B-00C04F79EFBC}") = "penktasV", "penktasV\penktasV.csproj", "{9E82C72A-9758-4C18-9269-BBB733A84DF3}"
EndProject
Global
	GlobalSection(SolutionConfigurationPlatforms) = preSolution
		Debug|Any CPU = Debug|Any CPU
		Release|Any CPU = Release|Any CPU
	EndGlobalSection
	GlobalSection(ProjectConfigurationPlatforms) = postSolution
		{E0165A6C-2127-4025-8F36-9A7CBAE8459B}.Debug|Any CPU.ActiveCfg = Debug|Any CPU
		{E0165A6C-2127-4025-8F36-9A7CBAE8459B}.Debug|Any CPU.Build.0 = Debug|Any CPU
		{E0165A6C-2127-4025-8F36-9A7CBAE8459B}.Release|Any CPU.ActiveCfg = Release|Any CPU
		{E0165A6C-2127-4025-8F36-9A7CBAE8459B}.Release|Any CPU.Build.0 = Release|Any CPU
		{7BAD5BC3-50EA-45B3-8E34-6ADDDCCDF886}.Debug|Any CPU.ActiveCfg = Debug|Any CPU
		{7BAD5BC3-50EA-45B3-8E34-6ADDDCCDF886}.Debug|Any CPU.Build.0 = Debug|Any CPU
		{7BAD5BC3-50EA-45B3-8E34-6ADDDCCDF886}.Release|Any CPU.ActiveCfg = Release|Any CPU
		{7BAD5BC3-50EA-45B3-8E34-6ADDDCCDF886}.Release|Any CPU.Build.0 = Release|Any CPU
		{EA929AA3-4A0D-45D9-B4D8-E426B88AC4FB}.Debug|Any CPU.ActiveCfg = Debug|Any CPU
		{EA929AA3-4A0D-45D9-B4D8-E426B88AC4FB}.Debug|Any CPU.Build.0 = Debug|Any CPU
		{EA929AA3-4A0D-45D9-B4D8-E426B88AC4FB}.Release|Any CPU.ActiveCfg = Release|Any CPU
		{EA929AA3-4A0D-45D9-B4D8-E426B88AC4FB}.Release|Any CPU.Build.0 = Release|Any CPU
		{26A76FC5-0DD1-4DC5-AB3D-CF6DB776E2E8}.Debug|Any CPU.ActiveCfg = Debug|Any CPU
		{26A76FC5-0DD1-4DC5-AB3D-CF6DB776E2E8}.Debug|Any CPU.Build.0 = Debug|Any CPU
		{26A76FC5-0DD1-4DC5-AB3D-CF6DB776E2E8}.Release|Any CPU.ActiveCfg = Release|Any CPU
		{26A76FC5-0DD1-4DC5-AB3D-CF6DB776E2E8}.Release|Any CPU.Build.0 = Release|Any CPU
		{9E82C72A-9758-4C18-9269-BBB733A84DF3}.Debug|Any CPU.ActiveCfg = Debug|Any CPU
		{9E82C72A-9758-4C18-9269-BBB733A84DF3}.Debug|Any CPU.Build.0 = Debug|Any CPU
		{9E82C72A-9758-4C18-9269-BBB733A84DF3}.Release|Any CPU.ActiveCfg = Release|Any CPU
		{9E82C72A-9758-4C18-9269-BBB733A84DF3}.Release|Any CPU.Build.0 = Release|Any CPU
	EndGlobalSection
	GlobalSection(SolutionProperties) = preSolution
		HideSolutionNode = FALSE
	EndGlobalSection
	GlobalSection(ExtensibilityGlobals) = postSolution
		SolutionGuid = {9F5AE84C-B531-43AE-A55B-7599FDAC46C9}
	EndGlobalSection
EndGlobal
