
Microsoft Visual Studio Solution File, Format Version 12.00
# Visual Studio Version 16
VisualStudioVersion = 16.0.30002.166
MinimumVisualStudioVersion = 10.0.40219.1
Project("{FAE04EC0-301F-11D3-BF4B-00C04F79EFBC}") = "pirmas", "pirmas\pirmas.csproj", "{D0843B90-7068-43E5-8D02-D66194C2FB88}"
EndProject
Project("{FAE04EC0-301F-11D3-BF4B-00C04F79EFBC}") = "antras", "antras\antras.csproj", "{B21CC62B-8FFA-4C6F-8D18-07204246B4A7}"
EndProject
Global
	GlobalSection(SolutionConfigurationPlatforms) = preSolution
		Debug|Any CPU = Debug|Any CPU
		Release|Any CPU = Release|Any CPU
	EndGlobalSection
	GlobalSection(ProjectConfigurationPlatforms) = postSolution
		{D0843B90-7068-43E5-8D02-D66194C2FB88}.Debug|Any CPU.ActiveCfg = Debug|Any CPU
		{D0843B90-7068-43E5-8D02-D66194C2FB88}.Debug|Any CPU.Build.0 = Debug|Any CPU
		{D0843B90-7068-43E5-8D02-D66194C2FB88}.Release|Any CPU.ActiveCfg = Release|Any CPU
		{D0843B90-7068-43E5-8D02-D66194C2FB88}.Release|Any CPU.Build.0 = Release|Any CPU
		{B21CC62B-8FFA-4C6F-8D18-07204246B4A7}.Debug|Any CPU.ActiveCfg = Debug|Any CPU
		{B21CC62B-8FFA-4C6F-8D18-07204246B4A7}.Debug|Any CPU.Build.0 = Debug|Any CPU
		{B21CC62B-8FFA-4C6F-8D18-07204246B4A7}.Release|Any CPU.ActiveCfg = Release|Any CPU
		{B21CC62B-8FFA-4C6F-8D18-07204246B4A7}.Release|Any CPU.Build.0 = Release|Any CPU
	EndGlobalSection
	GlobalSection(SolutionProperties) = preSolution
		HideSolutionNode = FALSE
	EndGlobalSection
	GlobalSection(ExtensibilityGlobals) = postSolution
		SolutionGuid = {B686ADC8-A769-4D83-A28E-EC6DB1397203}
	EndGlobalSection
EndGlobal
