
Microsoft Visual Studio Solution File, Format Version 12.00
# Visual Studio Version 16
VisualStudioVersion = 16.0.30002.166
MinimumVisualStudioVersion = 10.0.40219.1
Project("{FAE04EC0-301F-11D3-BF4B-00C04F79EFBC}") = "pirmasV", "pirmasV\pirmasV.csproj", "{D6645FA4-12C1-4A9E-8337-9A6400D19643}"
EndProject
Project("{FAE04EC0-301F-11D3-BF4B-00C04F79EFBC}") = "antrasV", "antrasV\antrasV.csproj", "{498BDDC2-6553-4283-9406-6A8D969CC1D2}"
EndProject
Project("{FAE04EC0-301F-11D3-BF4B-00C04F79EFBC}") = "treciasV", "treciasV\treciasV.csproj", "{6B161330-4BCC-4719-BA0A-68CB86933570}"
EndProject
Project("{FAE04EC0-301F-11D3-BF4B-00C04F79EFBC}") = "ketvirtasV", "ketvirtasV\ketvirtasV.csproj", "{4F4471F5-DCD2-4F09-9479-2271A3C38C3B}"
EndProject
Project("{FAE04EC0-301F-11D3-BF4B-00C04F79EFBC}") = "penktasV", "penktasV\penktasV.csproj", "{88FEB399-DF72-4CD6-9167-1B584B8578DE}"
EndProject
Project("{FAE04EC0-301F-11D3-BF4B-00C04F79EFBC}") = "sestasV", "sestasV\sestasV.csproj", "{F0AD733B-34D9-4616-9513-9A97B1483358}"
EndProject
Project("{FAE04EC0-301F-11D3-BF4B-00C04F79EFBC}") = "septintasV", "septintasV\septintasV.csproj", "{0B1FCACB-A9E4-47C8-B9A6-FB96A204346A}"
EndProject
Project("{FAE04EC0-301F-11D3-BF4B-00C04F79EFBC}") = "astuntasV", "astuntasV\astuntasV.csproj", "{5449C1D5-1CD2-41E1-AD15-D2517E661897}"
EndProject
Global
	GlobalSection(SolutionConfigurationPlatforms) = preSolution
		Debug|Any CPU = Debug|Any CPU
		Release|Any CPU = Release|Any CPU
	EndGlobalSection
	GlobalSection(ProjectConfigurationPlatforms) = postSolution
		{D6645FA4-12C1-4A9E-8337-9A6400D19643}.Debug|Any CPU.ActiveCfg = Debug|Any CPU
		{D6645FA4-12C1-4A9E-8337-9A6400D19643}.Debug|Any CPU.Build.0 = Debug|Any CPU
		{D6645FA4-12C1-4A9E-8337-9A6400D19643}.Release|Any CPU.ActiveCfg = Release|Any CPU
		{D6645FA4-12C1-4A9E-8337-9A6400D19643}.Release|Any CPU.Build.0 = Release|Any CPU
		{498BDDC2-6553-4283-9406-6A8D969CC1D2}.Debug|Any CPU.ActiveCfg = Debug|Any CPU
		{498BDDC2-6553-4283-9406-6A8D969CC1D2}.Debug|Any CPU.Build.0 = Debug|Any CPU
		{498BDDC2-6553-4283-9406-6A8D969CC1D2}.Release|Any CPU.ActiveCfg = Release|Any CPU
		{498BDDC2-6553-4283-9406-6A8D969CC1D2}.Release|Any CPU.Build.0 = Release|Any CPU
		{6B161330-4BCC-4719-BA0A-68CB86933570}.Debug|Any CPU.ActiveCfg = Debug|Any CPU
		{6B161330-4BCC-4719-BA0A-68CB86933570}.Debug|Any CPU.Build.0 = Debug|Any CPU
		{6B161330-4BCC-4719-BA0A-68CB86933570}.Release|Any CPU.ActiveCfg = Release|Any CPU
		{6B161330-4BCC-4719-BA0A-68CB86933570}.Release|Any CPU.Build.0 = Release|Any CPU
		{4F4471F5-DCD2-4F09-9479-2271A3C38C3B}.Debug|Any CPU.ActiveCfg = Debug|Any CPU
		{4F4471F5-DCD2-4F09-9479-2271A3C38C3B}.Debug|Any CPU.Build.0 = Debug|Any CPU
		{4F4471F5-DCD2-4F09-9479-2271A3C38C3B}.Release|Any CPU.ActiveCfg = Release|Any CPU
		{4F4471F5-DCD2-4F09-9479-2271A3C38C3B}.Release|Any CPU.Build.0 = Release|Any CPU
		{88FEB399-DF72-4CD6-9167-1B584B8578DE}.Debug|Any CPU.ActiveCfg = Debug|Any CPU
		{88FEB399-DF72-4CD6-9167-1B584B8578DE}.Debug|Any CPU.Build.0 = Debug|Any CPU
		{88FEB399-DF72-4CD6-9167-1B584B8578DE}.Release|Any CPU.ActiveCfg = Release|Any CPU
		{88FEB399-DF72-4CD6-9167-1B584B8578DE}.Release|Any CPU.Build.0 = Release|Any CPU
		{F0AD733B-34D9-4616-9513-9A97B1483358}.Debug|Any CPU.ActiveCfg = Debug|Any CPU
		{F0AD733B-34D9-4616-9513-9A97B1483358}.Debug|Any CPU.Build.0 = Debug|Any CPU
		{F0AD733B-34D9-4616-9513-9A97B1483358}.Release|Any CPU.ActiveCfg = Release|Any CPU
		{F0AD733B-34D9-4616-9513-9A97B1483358}.Release|Any CPU.Build.0 = Release|Any CPU
		{0B1FCACB-A9E4-47C8-B9A6-FB96A204346A}.Debug|Any CPU.ActiveCfg = Debug|Any CPU
		{0B1FCACB-A9E4-47C8-B9A6-FB96A204346A}.Debug|Any CPU.Build.0 = Debug|Any CPU
		{0B1FCACB-A9E4-47C8-B9A6-FB96A204346A}.Release|Any CPU.ActiveCfg = Release|Any CPU
		{0B1FCACB-A9E4-47C8-B9A6-FB96A204346A}.Release|Any CPU.Build.0 = Release|Any CPU
		{5449C1D5-1CD2-41E1-AD15-D2517E661897}.Debug|Any CPU.ActiveCfg = Debug|Any CPU
		{5449C1D5-1CD2-41E1-AD15-D2517E661897}.Debug|Any CPU.Build.0 = Debug|Any CPU
		{5449C1D5-1CD2-41E1-AD15-D2517E661897}.Release|Any CPU.ActiveCfg = Release|Any CPU
		{5449C1D5-1CD2-41E1-AD15-D2517E661897}.Release|Any CPU.Build.0 = Release|Any CPU
	EndGlobalSection
	GlobalSection(SolutionProperties) = preSolution
		HideSolutionNode = FALSE
	EndGlobalSection
	GlobalSection(ExtensibilityGlobals) = postSolution
		SolutionGuid = {F6E11420-19CB-4F55-AB2F-6B084E2A945B}
	EndGlobalSection
EndGlobal
